
Microsoft Visual Studio Solution File, Format Version 12.00
# Visual Studio Version 17
VisualStudioVersion = 17.11.35208.52
MinimumVisualStudioVersion = 10.0.40219.1
Project("{FAE04EC0-301F-11D3-BF4B-00C04F79EFBC}") = "Collections", "Collections\Collections.csproj", "{8CA89386-7855-4B30-8194-B8B3D4CEB0DC}"
EndProject
Global
	GlobalSection(SolutionConfigurationPlatforms) = preSolution
		Debug|Any CPU = Debug|Any CPU
		Release|Any CPU = Release|Any CPU
	EndGlobalSection
	GlobalSection(ProjectConfigurationPlatforms) = postSolution
		{8CA89386-7855-4B30-8194-B8B3D4CEB0DC}.Debug|Any CPU.ActiveCfg = Debug|Any CPU
		{8CA89386-7855-4B30-8194-B8B3D4CEB0DC}.Debug|Any CPU.Build.0 = Debug|Any CPU
		{8CA89386-7855-4B30-8194-B8B3D4CEB0DC}.Release|Any CPU.ActiveCfg = Release|Any CPU
		{8CA89386-7855-4B30-8194-B8B3D4CEB0DC}.Release|Any CPU.Build.0 = Release|Any CPU
	EndGlobalSection
	GlobalSection(SolutionProperties) = preSolution
		HideSolutionNode = FALSE
	EndGlobalSection
	GlobalSection(ExtensibilityGlobals) = postSolution
		SolutionGuid = {F97F54A1-399D-4B86-8300-D2AD4FBBC06F}
	EndGlobalSection
EndGlobal
