
Microsoft Visual Studio Solution File, Format Version 12.00
# Visual Studio Version 17
VisualStudioVersion = 17.11.35208.52
MinimumVisualStudioVersion = 10.0.40219.1
Project("{FAE04EC0-301F-11D3-BF4B-00C04F79EFBC}") = "OOP TASK 1", "OOP TASK 1\OOP TASK 1.csproj", "{B7E35927-DBA3-494C-B722-3C24392DEFFF}"
EndProject
Global
	GlobalSection(SolutionConfigurationPlatforms) = preSolution
		Debug|Any CPU = Debug|Any CPU
		Release|Any CPU = Release|Any CPU
	EndGlobalSection
	GlobalSection(ProjectConfigurationPlatforms) = postSolution
		{B7E35927-DBA3-494C-B722-3C24392DEFFF}.Debug|Any CPU.ActiveCfg = Debug|Any CPU
		{B7E35927-DBA3-494C-B722-3C24392DEFFF}.Debug|Any CPU.Build.0 = Debug|Any CPU
		{B7E35927-DBA3-494C-B722-3C24392DEFFF}.Release|Any CPU.ActiveCfg = Release|Any CPU
		{B7E35927-DBA3-494C-B722-3C24392DEFFF}.Release|Any CPU.Build.0 = Release|Any CPU
	EndGlobalSection
	GlobalSection(SolutionProperties) = preSolution
		HideSolutionNode = FALSE
	EndGlobalSection
	GlobalSection(ExtensibilityGlobals) = postSolution
		SolutionGuid = {92FCB824-870D-4EAE-AC1B-FCD6F3EFC7EA}
	EndGlobalSection
EndGlobal
